{
  "name": "ella-www",
  "version": "1.0.0",
  "lockfileVersion": 1,
  "requires": true,
  "dependencies": {
    "dropzone": {
      "version": "5.5.1",
      "resolved": "https://registry.npmjs.org/dropzone/-/dropzone-5.5.1.tgz",
      "integrity": "sha512-3VduRWLxx9hbVr42QieQN25mx/I61/mRdUSuxAmDGdDqZIN8qtP7tcKMa3KfpJjuGjOJGYYUzzeq6eGDnkzesA=="
    },
    "nuxt-dropzone": {
      "version": "0.2.8",
      "resolved": "https://registry.npmjs.org/nuxt-dropzone/-/nuxt-dropzone-0.2.8.tgz",
      "integrity": "sha512-jwITW80JZGS/NpxhwHrKNbWSwr7e/JR/EjkFccs9JUfHv0uCdULjmwbVsoZM92OhhCuPM7SjgmsN9Ok9YlMzGg==",
      "requires": {
        "vue2-dropzone": "3.5.2"
      },
      "dependencies": {
        "vue2-dropzone": {
          "version": "3.5.2",
          "resolved": "https://registry.npmjs.org/vue2-dropzone/-/vue2-dropzone-3.5.2.tgz",
          "integrity": "sha512-cigwZLe2USiIdxHEUKHNuJcbrGDNwuyqSE/FnYXQpG27cxCFtbyo1b8ZxRTa0sTY3czcrFtIZTox67VMahA7cg==",
          "requires": {
            "dropzone": "^5.5.0"
          }
        }
      }
    },
    "yarn": {
      "version": "1.12.3",
      "resolved": "https://registry.npmjs.org/yarn/-/yarn-1.12.3.tgz",
      "integrity": "sha512-8f5rWNDvkhAmCxmn8C0LsNWMxTYVk4VGKiq0sIB6HGZjaZTHsGIH87SUmVDUEd2Wk54bqKoUlbVWgQFCQhRkVw=="
    }
  }
}
